
Microsoft Visual Studio Solution File, Format Version 12.00
# Visual Studio Version 16
VisualStudioVersion = 16.0.29009.5
MinimumVisualStudioVersion = 10.0.40219.1
Project("{FAE04EC0-301F-11D3-BF4B-00C04F79EFBC}") = "Allqo.Entidades", "Allqo.Entidades\Allqo.Entidades.csproj", "{6C3197D5-5AD2-4FB9-831F-722F554849D2}"
EndProject
Project("{FAE04EC0-301F-11D3-BF4B-00C04F79EFBC}") = "Allqo.Datos", "Allqo.Datos\Allqo.Datos.csproj", "{39144220-7D2F-42F1-90CD-26866E91CD7D}"
EndProject
Project("{FAE04EC0-301F-11D3-BF4B-00C04F79EFBC}") = "Allqo.Web", "Allqo.Web\Allqo.Web.csproj", "{52ED104C-39E7-4137-ABF7-60C2B6509460}"
EndProject
Global
	GlobalSection(SolutionConfigurationPlatforms) = preSolution
		Debug|Any CPU = Debug|Any CPU
		Release|Any CPU = Release|Any CPU
	EndGlobalSection
	GlobalSection(ProjectConfigurationPlatforms) = postSolution
		{6C3197D5-5AD2-4FB9-831F-722F554849D2}.Debug|Any CPU.ActiveCfg = Debug|Any CPU
		{6C3197D5-5AD2-4FB9-831F-722F554849D2}.Debug|Any CPU.Build.0 = Debug|Any CPU
		{6C3197D5-5AD2-4FB9-831F-722F554849D2}.Release|Any CPU.ActiveCfg = Release|Any CPU
		{6C3197D5-5AD2-4FB9-831F-722F554849D2}.Release|Any CPU.Build.0 = Release|Any CPU
		{39144220-7D2F-42F1-90CD-26866E91CD7D}.Debug|Any CPU.ActiveCfg = Debug|Any CPU
		{39144220-7D2F-42F1-90CD-26866E91CD7D}.Debug|Any CPU.Build.0 = Debug|Any CPU
		{39144220-7D2F-42F1-90CD-26866E91CD7D}.Release|Any CPU.ActiveCfg = Release|Any CPU
		{39144220-7D2F-42F1-90CD-26866E91CD7D}.Release|Any CPU.Build.0 = Release|Any CPU
		{52ED104C-39E7-4137-ABF7-60C2B6509460}.Debug|Any CPU.ActiveCfg = Debug|Any CPU
		{52ED104C-39E7-4137-ABF7-60C2B6509460}.Debug|Any CPU.Build.0 = Debug|Any CPU
		{52ED104C-39E7-4137-ABF7-60C2B6509460}.Release|Any CPU.ActiveCfg = Release|Any CPU
		{52ED104C-39E7-4137-ABF7-60C2B6509460}.Release|Any CPU.Build.0 = Release|Any CPU
	EndGlobalSection
	GlobalSection(SolutionProperties) = preSolution
		HideSolutionNode = FALSE
	EndGlobalSection
	GlobalSection(ExtensibilityGlobals) = postSolution
		SolutionGuid = {B3DBB620-CB6D-4718-94B9-A09CC20120E2}
	EndGlobalSection
EndGlobal
